
Microsoft Visual Studio Solution File, Format Version 12.00
# Visual Studio Version 16
VisualStudioVersion = 16.0.31321.278
MinimumVisualStudioVersion = 10.0.40219.1
Project("{FAE04EC0-301F-11D3-BF4B-00C04F79EFBC}") = "DBRaven", "DBRaven\DBRaven.csproj", "{4CAF8C98-2CEC-4437-A655-231A4863A684}"
EndProject
Global
	GlobalSection(SolutionConfigurationPlatforms) = preSolution
		Debug|Any CPU = Debug|Any CPU
		Release|Any CPU = Release|Any CPU
	EndGlobalSection
	GlobalSection(ProjectConfigurationPlatforms) = postSolution
		{4CAF8C98-2CEC-4437-A655-231A4863A684}.Debug|Any CPU.ActiveCfg = Debug|Any CPU
		{4CAF8C98-2CEC-4437-A655-231A4863A684}.Debug|Any CPU.Build.0 = Debug|Any CPU
		{4CAF8C98-2CEC-4437-A655-231A4863A684}.Release|Any CPU.ActiveCfg = Release|Any CPU
		{4CAF8C98-2CEC-4437-A655-231A4863A684}.Release|Any CPU.Build.0 = Release|Any CPU
	EndGlobalSection
	GlobalSection(SolutionProperties) = preSolution
		HideSolutionNode = FALSE
	EndGlobalSection
	GlobalSection(ExtensibilityGlobals) = postSolution
		SolutionGuid = {432EA4C8-3E9F-4C17-8E9F-EDB4A34D2A3F}
	EndGlobalSection
EndGlobal
